{
  "version": 4,
  "terraform_version": "1.5.5",
  "serial": 13,
  "lineage": "d1f6d7c4-0da6-e5c1-0aa9-9ffd478080ab",
  "outputs": {},
  "resources": [
    {
      "mode": "data",
      "type": "aws_route53_zone",
      "name": "example",
      "provider": "provider[\"registry.terraform.io/hashicorp/aws\"]",
      "instances": [
        {
          "schema_version": 0,
          "attributes": {
            "arn": "arn:aws:route53:::hostedzone/Z08132883H57TBDXDSJF2",
            "caller_reference": "cc85b7ae-e5ab-4135-a979-2cc7d1dc4bd0",
            "comment": "",
            "id": "Z08132883H57TBDXDSJF2",
            "linked_service_description": null,
            "linked_service_principal": null,
            "name": "yevhenii.xyz",
            "name_servers": [
              "ns-125.awsdns-15.com",
              "ns-1161.awsdns-17.org",
              "ns-1852.awsdns-39.co.uk",
              "ns-611.awsdns-12.net"
            ],
            "primary_name_server": "ns-125.awsdns-15.com",
            "private_zone": false,
            "resource_record_set_count": 3,
            "tags": {},
            "vpc_id": null,
            "zone_id": "Z08132883H57TBDXDSJF2"
          },
          "sensitive_attributes": []
        }
      ]
    },
    {
      "mode": "managed",
      "type": "aws_acm_certificate",
      "name": "example",
      "provider": "provider[\"registry.terraform.io/hashicorp/aws\"]",
      "instances": [
        {
          "schema_version": 0,
          "attributes": {
            "arn": "arn:aws:acm:us-east-1:465684565049:certificate/782d95e1-d2fd-4115-b03f-fd53b58eab3a",
            "certificate_authority_arn": "",
            "certificate_body": null,
            "certificate_chain": null,
            "domain_name": "yevhenii.xyz",
            "domain_validation_options": [
              {
                "domain_name": "yevhenii.xyz",
                "resource_record_name": "_ce521794513ca31a3705972fa85fe9c3.yevhenii.xyz.",
                "resource_record_type": "CNAME",
                "resource_record_value": "_ad219da66777599a4a1323fd2d8903be.zwhvhxfsld.acm-validations.aws."
              }
            ],
            "early_renewal_duration": "",
            "id": "arn:aws:acm:us-east-1:465684565049:certificate/782d95e1-d2fd-4115-b03f-fd53b58eab3a",
            "key_algorithm": "RSA_2048",
            "not_after": "",
            "not_before": "",
            "options": [
              {
                "certificate_transparency_logging_preference": "ENABLED"
              }
            ],
            "pending_renewal": false,
            "private_key": null,
            "renewal_eligibility": "INELIGIBLE",
            "renewal_summary": [],
            "status": "PENDING_VALIDATION",
            "subject_alternative_names": [
              "yevhenii.xyz"
            ],
            "tags": {},
            "tags_all": {},
            "type": "AMAZON_ISSUED",
            "validation_emails": [],
            "validation_method": "DNS",
            "validation_option": []
          },
          "sensitive_attributes": [],
          "private": "bnVsbA=="
        }
      ]
    },
    {
      "mode": "managed",
      "type": "aws_route53_record",
      "name": "example",
      "provider": "provider[\"registry.terraform.io/hashicorp/aws\"]",
      "instances": [
        {
          "index_key": "yevhenii.xyz",
          "schema_version": 2,
          "attributes": {
            "alias": [],
            "allow_overwrite": true,
            "cidr_routing_policy": [],
            "failover_routing_policy": [],
            "fqdn": "_ce521794513ca31a3705972fa85fe9c3.yevhenii.xyz",
            "geolocation_routing_policy": [],
            "health_check_id": "",
            "id": "Z08132883H57TBDXDSJF2__ce521794513ca31a3705972fa85fe9c3.yevhenii.xyz._CNAME",
            "latency_routing_policy": [],
            "multivalue_answer_routing_policy": false,
            "name": "_ce521794513ca31a3705972fa85fe9c3.yevhenii.xyz",
            "records": [
              "_ad219da66777599a4a1323fd2d8903be.zwhvhxfsld.acm-validations.aws."
            ],
            "set_identifier": "",
            "ttl": 60,
            "type": "CNAME",
            "weighted_routing_policy": [],
            "zone_id": "Z08132883H57TBDXDSJF2"
          },
          "sensitive_attributes": [],
          "private": "eyJzY2hlbWFfdmVyc2lvbiI6IjIifQ==",
          "dependencies": [
            "aws_acm_certificate.example",
            "data.aws_route53_zone.example"
          ]
        }
      ]
    }
  ],
  "check_results": null
}
